Microsoft Visual Studio Solution File, Format Version 12.00
# Visual Studio Version 17
VisualStudioVersion = 17.12.35323.107
MinimumVisualStudioVersion = 10.0.40219.1
Project("{FAE04EC0-301F-11D3-BF4B-00C04F79EFBC}") = "CloudNimble.WebJobs.Extensions.Amazon", "CloudNimble.WebJobs.Extensions.Amazon\CloudNimble.WebJobs.Extensions.Amazon.csproj", "{02443BDD-3955-44F6-A6DC-EE3468A186B0}"
EndProject
Project("{FAE04EC0-301F-11D3-BF4B-00C04F79EFBC}") = "CloudNimble.WebJobs.Extensions.Tests.Amazon", "CloudNimble.WebJobs.Extensions.Tests.Amazon\CloudNimble.WebJobs.Extensions.Tests.Amazon.csproj", "{6E20CB3D-BF70-42DC-92B8-CBE2A17DE57D}"
EndProject
Project("{2150E333-8FDC-42A3-9474-1A3956D46DE8}") = "Solution Items", "Solution Items", "{C46C137A-988A-472F-A73A-ECEC19AF4ED3}"
	ProjectSection(SolutionItems) = preProject
		amazonwebjobs.snk = amazonwebjobs.snk
		Directory.Build.props = Directory.Build.props
	EndProjectSection
EndProject
Project("{2150E333-8FDC-42A3-9474-1A3956D46DE8}") = "Core", "Core", "{752A388B-86D8-4B64-888D-A342A41BFA7F}"
EndProject
Project("{2150E333-8FDC-42A3-9474-1A3956D46DE8}") = "Amazon", "Amazon", "{FF00F677-C41B-4D80-BB0E-852C3D17B472}"
EndProject
Project("{2150E333-8FDC-42A3-9474-1A3956D46DE8}") = "Tests", "Tests", "{30BF4AC8-083A-488B-BFA9-C6D6BCF95959}"
EndProject
Project("{FAE04EC0-301F-11D3-BF4B-00C04F79EFBC}") = "CloudNimble.WebJobs.Extensions.Common", "CloudNimble.WebJobs.Extensions.Common\CloudNimble.WebJobs.Extensions.Common.csproj", "{7939F413-E210-49B4-8DD6-B90530C553AF}"
EndProject
Project("{FAE04EC0-301F-11D3-BF4B-00C04F79EFBC}") = "CloudNimble.WebJobs.Extensions.Examples", "CloudNimble.WebJobs.Extensions.Examples\CloudNimble.WebJobs.Extensions.Examples.csproj", "{D1041707-655F-4C5E-B0D5-C1697AF2B286}"
EndProject
Project("{2150E333-8FDC-42A3-9474-1A3956D46DE8}") = "Examples", "Examples", "{02EA681E-C7D8-13C7-8484-4AC65E1B71E8}"
EndProject
Project("{FAE04EC0-301F-11D3-BF4B-00C04F79EFBC}") = "CloudNimble.WebJobs.Extensions.Tests.Common", "CloudNimble.WebJobs.Extensions.Tests.Common\CloudNimble.WebJobs.Extensions.Tests.Common.csproj", "{FD383453-298B-4B2A-84DC-60C86E58606C}"
EndProject
Global
	GlobalSection(SolutionConfigurationPlatforms) = preSolution
		Debug|Any CPU = Debug|Any CPU
		Release|Any CPU = Release|Any CPU
	EndGlobalSection
	GlobalSection(ProjectConfigurationPlatforms) = postSolution
		{02443BDD-3955-44F6-A6DC-EE3468A186B0}.Debug|Any CPU.ActiveCfg = Debug|Any CPU
		{02443BDD-3955-44F6-A6DC-EE3468A186B0}.Debug|Any CPU.Build.0 = Debug|Any CPU
		{02443BDD-3955-44F6-A6DC-EE3468A186B0}.Release|Any CPU.ActiveCfg = Release|Any CPU
		{02443BDD-3955-44F6-A6DC-EE3468A186B0}.Release|Any CPU.Build.0 = Release|Any CPU
		{6E20CB3D-BF70-42DC-92B8-CBE2A17DE57D}.Debug|Any CPU.ActiveCfg = Debug|Any CPU
		{6E20CB3D-BF70-42DC-92B8-CBE2A17DE57D}.Debug|Any CPU.Build.0 = Debug|Any CPU
		{6E20CB3D-BF70-42DC-92B8-CBE2A17DE57D}.Release|Any CPU.ActiveCfg = Release|Any CPU
		{6E20CB3D-BF70-42DC-92B8-CBE2A17DE57D}.Release|Any CPU.Build.0 = Release|Any CPU
		{7939F413-E210-49B4-8DD6-B90530C553AF}.Debug|Any CPU.ActiveCfg = Debug|Any CPU
		{7939F413-E210-49B4-8DD6-B90530C553AF}.Debug|Any CPU.Build.0 = Debug|Any CPU
		{7939F413-E210-49B4-8DD6-B90530C553AF}.Release|Any CPU.ActiveCfg = Release|Any CPU
		{7939F413-E210-49B4-8DD6-B90530C553AF}.Release|Any CPU.Build.0 = Release|Any CPU
		{D1041707-655F-4C5E-B0D5-C1697AF2B286}.Debug|Any CPU.ActiveCfg = Debug|Any CPU
		{D1041707-655F-4C5E-B0D5-C1697AF2B286}.Debug|Any CPU.Build.0 = Debug|Any CPU
		{D1041707-655F-4C5E-B0D5-C1697AF2B286}.Release|Any CPU.ActiveCfg = Release|Any CPU
		{D1041707-655F-4C5E-B0D5-C1697AF2B286}.Release|Any CPU.Build.0 = Release|Any CPU
		{FD383453-298B-4B2A-84DC-60C86E58606C}.Debug|Any CPU.ActiveCfg = Debug|Any CPU
		{FD383453-298B-4B2A-84DC-60C86E58606C}.Debug|Any CPU.Build.0 = Debug|Any CPU
		{FD383453-298B-4B2A-84DC-60C86E58606C}.Release|Any CPU.ActiveCfg = Release|Any CPU
		{FD383453-298B-4B2A-84DC-60C86E58606C}.Release|Any CPU.Build.0 = Release|Any CPU
	EndGlobalSection
	GlobalSection(SolutionProperties) = preSolution
		HideSolutionNode = FALSE
	EndGlobalSection
	GlobalSection(NestedProjects) = preSolution
		{02443BDD-3955-44F6-A6DC-EE3468A186B0} = {FF00F677-C41B-4D80-BB0E-852C3D17B472}
		{6E20CB3D-BF70-42DC-92B8-CBE2A17DE57D} = {30BF4AC8-083A-488B-BFA9-C6D6BCF95959}
		{7939F413-E210-49B4-8DD6-B90530C553AF} = {752A388B-86D8-4B64-888D-A342A41BFA7F}
		{D1041707-655F-4C5E-B0D5-C1697AF2B286} = {02EA681E-C7D8-13C7-8484-4AC65E1B71E8}
		{FD383453-298B-4B2A-84DC-60C86E58606C} = {30BF4AC8-083A-488B-BFA9-C6D6BCF95959}
	EndGlobalSection
	GlobalSection(ExtensibilityGlobals) = postSolution
		SolutionGuid = {1F1029F8-B736-442C-9D5C-A58BC288657B}
	EndGlobalSection
EndGlobal
